
Microsoft Visual Studio Solution File, Format Version 12.00
# Visual Studio Version 17
VisualStudioVersion = 17.8.34525.116
MinimumVisualStudioVersion = 10.0.40219.1
Project("{FAE04EC0-301F-11D3-BF4B-00C04F79EFBC}") = "PokemonApp4", "PokemonApp4\PokemonApp4.csproj", "{40A817AE-E90E-4295-ABA4-C15F663FCCF6}"
EndProject
Global
	GlobalSection(SolutionConfigurationPlatforms) = preSolution
		Debug|Any CPU = Debug|Any CPU
		Release|Any CPU = Release|Any CPU
	EndGlobalSection
	GlobalSection(ProjectConfigurationPlatforms) = postSolution
		{40A817AE-E90E-4295-ABA4-C15F663FCCF6}.Debug|Any CPU.ActiveCfg = Debug|Any CPU
		{40A817AE-E90E-4295-ABA4-C15F663FCCF6}.Debug|Any CPU.Build.0 = Debug|Any CPU
		{40A817AE-E90E-4295-ABA4-C15F663FCCF6}.Release|Any CPU.ActiveCfg = Release|Any CPU
		{40A817AE-E90E-4295-ABA4-C15F663FCCF6}.Release|Any CPU.Build.0 = Release|Any CPU
	EndGlobalSection
	GlobalSection(SolutionProperties) = preSolution
		HideSolutionNode = FALSE
	EndGlobalSection
	GlobalSection(ExtensibilityGlobals) = postSolution
		SolutionGuid = {A26CD34B-2E29-4750-8A53-A5895EB14165}
	EndGlobalSection
EndGlobal
