
Microsoft Visual Studio Solution File, Format Version 12.00
# Visual Studio Version 17
VisualStudioVersion = 17.8.34525.116
MinimumVisualStudioVersion = 10.0.40219.1
Project("{FAE04EC0-301F-11D3-BF4B-00C04F79EFBC}") = "WinAppADO3", "WinAppADO3\WinAppADO3.csproj", "{3AB674A2-3831-45AE-BB71-BD968538B127}"
EndProject
Global
	GlobalSection(SolutionConfigurationPlatforms) = preSolution
		Debug|Any CPU = Debug|Any CPU
		Release|Any CPU = Release|Any CPU
	EndGlobalSection
	GlobalSection(ProjectConfigurationPlatforms) = postSolution
		{3AB674A2-3831-45AE-BB71-BD968538B127}.Debug|Any CPU.ActiveCfg = Debug|Any CPU
		{3AB674A2-3831-45AE-BB71-BD968538B127}.Debug|Any CPU.Build.0 = Debug|Any CPU
		{3AB674A2-3831-45AE-BB71-BD968538B127}.Release|Any CPU.ActiveCfg = Release|Any CPU
		{3AB674A2-3831-45AE-BB71-BD968538B127}.Release|Any CPU.Build.0 = Release|Any CPU
	EndGlobalSection
	GlobalSection(SolutionProperties) = preSolution
		HideSolutionNode = FALSE
	EndGlobalSection
	GlobalSection(ExtensibilityGlobals) = postSolution
		SolutionGuid = {435A4882-A666-451B-8B4D-F2E646DF5AD6}
	EndGlobalSection
EndGlobal
