
Microsoft Visual Studio Solution File, Format Version 12.00
# Visual Studio Version 17
VisualStudioVersion = 17.8.34330.188
MinimumVisualStudioVersion = 10.0.40219.1
Project("{FAE04EC0-301F-11D3-BF4B-00C04F79EFBC}") = "Herencia", "Herencia\Herencia.csproj", "{76C6777C-119A-4074-A431-08BCC6A51B4E}"
EndProject
Project("{FAE04EC0-301F-11D3-BF4B-00C04F79EFBC}") = "Herencia2", "Herencia2\Herencia2.csproj", "{7697B574-05E4-4157-A05E-721104DC0BFB}"
EndProject
Project("{FAE04EC0-301F-11D3-BF4B-00C04F79EFBC}") = "Herencia3", "Herencia3\Herencia3.csproj", "{F7806A7E-478B-408B-A1BD-713E5CC140E5}"
EndProject
Global
	GlobalSection(SolutionConfigurationPlatforms) = preSolution
		Debug|Any CPU = Debug|Any CPU
		Release|Any CPU = Release|Any CPU
	EndGlobalSection
	GlobalSection(ProjectConfigurationPlatforms) = postSolution
		{76C6777C-119A-4074-A431-08BCC6A51B4E}.Debug|Any CPU.ActiveCfg = Debug|Any CPU
		{76C6777C-119A-4074-A431-08BCC6A51B4E}.Debug|Any CPU.Build.0 = Debug|Any CPU
		{76C6777C-119A-4074-A431-08BCC6A51B4E}.Release|Any CPU.ActiveCfg = Release|Any CPU
		{76C6777C-119A-4074-A431-08BCC6A51B4E}.Release|Any CPU.Build.0 = Release|Any CPU
		{7697B574-05E4-4157-A05E-721104DC0BFB}.Debug|Any CPU.ActiveCfg = Debug|Any CPU
		{7697B574-05E4-4157-A05E-721104DC0BFB}.Debug|Any CPU.Build.0 = Debug|Any CPU
		{7697B574-05E4-4157-A05E-721104DC0BFB}.Release|Any CPU.ActiveCfg = Release|Any CPU
		{7697B574-05E4-4157-A05E-721104DC0BFB}.Release|Any CPU.Build.0 = Release|Any CPU
		{F7806A7E-478B-408B-A1BD-713E5CC140E5}.Debug|Any CPU.ActiveCfg = Debug|Any CPU
		{F7806A7E-478B-408B-A1BD-713E5CC140E5}.Debug|Any CPU.Build.0 = Debug|Any CPU
		{F7806A7E-478B-408B-A1BD-713E5CC140E5}.Release|Any CPU.ActiveCfg = Release|Any CPU
		{F7806A7E-478B-408B-A1BD-713E5CC140E5}.Release|Any CPU.Build.0 = Release|Any CPU
	EndGlobalSection
	GlobalSection(SolutionProperties) = preSolution
		HideSolutionNode = FALSE
	EndGlobalSection
	GlobalSection(ExtensibilityGlobals) = postSolution
		SolutionGuid = {8C468018-3892-4E6E-BE78-1BB8BD37D4BF}
	EndGlobalSection
EndGlobal
