
Microsoft Visual Studio Solution File, Format Version 12.00
# Visual Studio Version 17
VisualStudioVersion = 17.8.34309.116
MinimumVisualStudioVersion = 10.0.40219.1
Project("{FAE04EC0-301F-11D3-BF4B-00C04F79EFBC}") = "Herencia", "POO2\Herencia.csproj", "{763E2E41-2E4B-48A6-ACB6-2B5E4468D8BA}"
EndProject
Project("{FAE04EC0-301F-11D3-BF4B-00C04F79EFBC}") = "Sobreescritura", "Sobreescritura\Sobreescritura.csproj", "{ED011930-25B8-45D4-9F13-307BE259E825}"
EndProject
Global
	GlobalSection(SolutionConfigurationPlatforms) = preSolution
		Debug|Any CPU = Debug|Any CPU
		Release|Any CPU = Release|Any CPU
	EndGlobalSection
	GlobalSection(ProjectConfigurationPlatforms) = postSolution
		{763E2E41-2E4B-48A6-ACB6-2B5E4468D8BA}.Debug|Any CPU.ActiveCfg = Debug|Any CPU
		{763E2E41-2E4B-48A6-ACB6-2B5E4468D8BA}.Debug|Any CPU.Build.0 = Debug|Any CPU
		{763E2E41-2E4B-48A6-ACB6-2B5E4468D8BA}.Release|Any CPU.ActiveCfg = Release|Any CPU
		{763E2E41-2E4B-48A6-ACB6-2B5E4468D8BA}.Release|Any CPU.Build.0 = Release|Any CPU
		{ED011930-25B8-45D4-9F13-307BE259E825}.Debug|Any CPU.ActiveCfg = Debug|Any CPU
		{ED011930-25B8-45D4-9F13-307BE259E825}.Debug|Any CPU.Build.0 = Debug|Any CPU
		{ED011930-25B8-45D4-9F13-307BE259E825}.Release|Any CPU.ActiveCfg = Release|Any CPU
		{ED011930-25B8-45D4-9F13-307BE259E825}.Release|Any CPU.Build.0 = Release|Any CPU
	EndGlobalSection
	GlobalSection(SolutionProperties) = preSolution
		HideSolutionNode = FALSE
	EndGlobalSection
	GlobalSection(ExtensibilityGlobals) = postSolution
		SolutionGuid = {AFECB478-4EE2-478C-8521-C044CAA23673}
	EndGlobalSection
EndGlobal
