
Microsoft Visual Studio Solution File, Format Version 12.00
# Visual Studio Version 17
VisualStudioVersion = 17.7.34221.43
MinimumVisualStudioVersion = 10.0.40219.1
Project("{FAE04EC0-301F-11D3-BF4B-00C04F79EFBC}") = "ejemplo1", "ejemplo1\ejemplo1.csproj", "{AA21CBBE-00A3-4A00-B145-6D76F3FD21AA}"
EndProject
Project("{FAE04EC0-301F-11D3-BF4B-00C04F79EFBC}") = "ejemplo2", "ejemplo2\ejemplo2.csproj", "{3DC9B812-E4BF-4C40-A089-A467F82FC944}"
EndProject
Project("{FAE04EC0-301F-11D3-BF4B-00C04F79EFBC}") = "ejemplo3", "ejemplo3\ejemplo3.csproj", "{A5AE4986-448A-4967-95D6-478F0151808F}"
EndProject
Project("{FAE04EC0-301F-11D3-BF4B-00C04F79EFBC}") = "ejemplo4", "ejemplo4\ejemplo4.csproj", "{FC9A6F60-31DF-4A1E-BEE0-044D017C1148}"
EndProject
Project("{FAE04EC0-301F-11D3-BF4B-00C04F79EFBC}") = "ejemplo5", "ejemplo5\ejemplo5.csproj", "{E497F546-4905-4486-819D-A5769B1EE09B}"
EndProject
Global
	GlobalSection(SolutionConfigurationPlatforms) = preSolution
		Debug|Any CPU = Debug|Any CPU
		Release|Any CPU = Release|Any CPU
	EndGlobalSection
	GlobalSection(ProjectConfigurationPlatforms) = postSolution
		{AA21CBBE-00A3-4A00-B145-6D76F3FD21AA}.Debug|Any CPU.ActiveCfg = Debug|Any CPU
		{AA21CBBE-00A3-4A00-B145-6D76F3FD21AA}.Debug|Any CPU.Build.0 = Debug|Any CPU
		{AA21CBBE-00A3-4A00-B145-6D76F3FD21AA}.Release|Any CPU.ActiveCfg = Release|Any CPU
		{AA21CBBE-00A3-4A00-B145-6D76F3FD21AA}.Release|Any CPU.Build.0 = Release|Any CPU
		{3DC9B812-E4BF-4C40-A089-A467F82FC944}.Debug|Any CPU.ActiveCfg = Debug|Any CPU
		{3DC9B812-E4BF-4C40-A089-A467F82FC944}.Debug|Any CPU.Build.0 = Debug|Any CPU
		{3DC9B812-E4BF-4C40-A089-A467F82FC944}.Release|Any CPU.ActiveCfg = Release|Any CPU
		{3DC9B812-E4BF-4C40-A089-A467F82FC944}.Release|Any CPU.Build.0 = Release|Any CPU
		{A5AE4986-448A-4967-95D6-478F0151808F}.Debug|Any CPU.ActiveCfg = Debug|Any CPU
		{A5AE4986-448A-4967-95D6-478F0151808F}.Debug|Any CPU.Build.0 = Debug|Any CPU
		{A5AE4986-448A-4967-95D6-478F0151808F}.Release|Any CPU.ActiveCfg = Release|Any CPU
		{A5AE4986-448A-4967-95D6-478F0151808F}.Release|Any CPU.Build.0 = Release|Any CPU
		{FC9A6F60-31DF-4A1E-BEE0-044D017C1148}.Debug|Any CPU.ActiveCfg = Debug|Any CPU
		{FC9A6F60-31DF-4A1E-BEE0-044D017C1148}.Debug|Any CPU.Build.0 = Debug|Any CPU
		{FC9A6F60-31DF-4A1E-BEE0-044D017C1148}.Release|Any CPU.ActiveCfg = Release|Any CPU
		{FC9A6F60-31DF-4A1E-BEE0-044D017C1148}.Release|Any CPU.Build.0 = Release|Any CPU
		{E497F546-4905-4486-819D-A5769B1EE09B}.Debug|Any CPU.ActiveCfg = Debug|Any CPU
		{E497F546-4905-4486-819D-A5769B1EE09B}.Debug|Any CPU.Build.0 = Debug|Any CPU
		{E497F546-4905-4486-819D-A5769B1EE09B}.Release|Any CPU.ActiveCfg = Release|Any CPU
		{E497F546-4905-4486-819D-A5769B1EE09B}.Release|Any CPU.Build.0 = Release|Any CPU
	EndGlobalSection
	GlobalSection(SolutionProperties) = preSolution
		HideSolutionNode = FALSE
	EndGlobalSection
	GlobalSection(ExtensibilityGlobals) = postSolution
		SolutionGuid = {68459E9B-48A0-4857-B0DF-4A202986ECC4}
	EndGlobalSection
EndGlobal
